
Microsoft Visual Studio Solution File, Format Version 12.00
# Visual Studio Version 16
VisualStudioVersion = 16.0.31112.23
MinimumVisualStudioVersion = 10.0.40219.1
Project("{FAE04EC0-301F-11D3-BF4B-00C04F79EFBC}") = "TheModernBibliotheca", "TheModernBibliotheca\TheModernBibliotheca.csproj", "{EA076262-1980-41F6-9E47-399FE1EE1982}"
EndProject
Global
	GlobalSection(SolutionConfigurationPlatforms) = preSolution
		Debug|Any CPU = Debug|Any CPU
		Release|Any CPU = Release|Any CPU
	EndGlobalSection
	GlobalSection(ProjectConfigurationPlatforms) = postSolution
		{EA076262-1980-41F6-9E47-399FE1EE1982}.Debug|Any CPU.ActiveCfg = Debug|Any CPU
		{EA076262-1980-41F6-9E47-399FE1EE1982}.Debug|Any CPU.Build.0 = Debug|Any CPU
		{EA076262-1980-41F6-9E47-399FE1EE1982}.Release|Any CPU.ActiveCfg = Release|Any CPU
		{EA076262-1980-41F6-9E47-399FE1EE1982}.Release|Any CPU.Build.0 = Release|Any CPU
	EndGlobalSection
	GlobalSection(SolutionProperties) = preSolution
		HideSolutionNode = FALSE
	EndGlobalSection
	GlobalSection(ExtensibilityGlobals) = postSolution
		SolutionGuid = {7DC1D47D-22CB-4F3F-B9A7-9F600AB2483E}
	EndGlobalSection
EndGlobal
